{
  "nodes": {
    "aero-kwin": {
      "flake": false,
      "locked": {
        "lastModified": 1774285941,
        "narHash": "sha256-mUKsQFcHwLQVL6qicfH0/Dur5bHM+eJHW8snxCB1psM=",
        "owner": "rustussy",
        "repo": "aeroshell-kwin-components",
        "rev": "c9a0a9ef1227134018bd0175015aebef15845c30",
        "type": "github"
      },
      "original": {
        "owner": "rustussy",
        "repo": "aeroshell-kwin-components",
        "type": "github"
      }
    },
    "aero-libplasma": {
      "flake": false,
      "locked": {
        "lastModified": 1778631631,
        "narHash": "sha256-6uWiiEWp3mfEatHncGSszm3rQjx19PaRhOMpXkzuNw0=",
        "owner": "rustussy",
        "repo": "aeroshell-libplasma",
        "rev": "31f72c780a194460eed467d57cc13128768dc161",
        "type": "github"
      },
      "original": {
        "owner": "rustussy",
        "repo": "aeroshell-libplasma",
        "type": "github"
      }
    },
    "aero-smod": {
      "flake": false,
      "locked": {
        "lastModified": 1774148216,
        "narHash": "sha256-qSpPkwLTodBQFHiRBk3Xh/51ytBHKX0Yk4JOk2693vQ=",
        "owner": "rustussy",
        "repo": "aeroshell-smod",
        "rev": "f149d75a1436f081a1c1e5c91acea0c01bbc48c3",
        "type": "github"
      },
      "original": {
        "owner": "rustussy",
        "repo": "aeroshell-smod",
        "type": "github"
      }
    },
    "aero-workspace": {
      "flake": false,
      "locked": {
        "lastModified": 1779318918,
        "narHash": "sha256-84PsJDoob0pdXJvNiXAMJlzhlz3xcRYyiQiD2r0K5n4=",
        "owner": "rustussy",
        "repo": "aeroshell-workspace",
        "rev": "c4119706f0c753477942f4b0ac7dcb5db3446f1d",
        "type": "github"
      },
      "original": {
        "owner": "rustussy",
        "repo": "aeroshell-workspace",
        "type": "github"
      }
    },
    "aerothemeplasma": {
      "flake": false,
      "locked": {
        "lastModified": 1775679689,
        "narHash": "sha256-kSGtRTFJdpgPJDOXeX9vQYvKiqZ8pvlpBS6j54m/k5U=",
        "owner": "rustussy",
        "repo": "aerothemeplasma",
        "rev": "ccb70b9040bbed4a71e66f820a4e19f549e5e414",
        "type": "github"
      },
      "original": {
        "owner": "rustussy",
        "repo": "aerothemeplasma",
        "type": "github"
      }
    },
    "devshell": {
      "inputs": {
        "nixpkgs": [
          "neovim",
          "nixvim",
          "nixpkgs"
        ]
      },
      "locked": {
        "lastModified": 1722113426,
        "narHash": "sha256-Yo/3loq572A8Su6aY5GP56knpuKYRvM2a1meP9oJZCw=",
        "owner": "numtide",
        "repo": "devshell",
        "rev": "67cce7359e4cd3c45296fb4aaf6a19e2a9c757ae",
        "type": "github"
      },
      "original": {
        "owner": "numtide",
        "repo": "devshell",
        "type": "github"
      }
    },
    "flake-compat": {
      "flake": false,
      "locked": {
        "lastModified": 1747046372,
        "narHash": "sha256-CIVLLkVgvHYbgI2UpXvIIBJ12HWgX+fjA8Xf8PUmqCY=",
        "owner": "edolstra",
        "repo": "flake-compat",
        "rev": "9100a0f413b0c601e0533d1d94ffd501ce2e7885",
        "type": "github"
      },
      "original": {
        "owner": "edolstra",
        "repo": "flake-compat",
        "type": "github"
      }
    },
    "flake-compat_2": {
      "locked": {
        "lastModified": 1696426674,
        "narHash": "sha256-kvjfFW7WAETZlt09AgDn1MrtKzP7t90Vf7vypd3OL1U=",
        "rev": "0f9255e01c2351cc7d116c072cb317785dd33b33",
        "revCount": 57,
        "type": "tarball",
        "url": "https://api.flakehub.com/f/pinned/edolstra/flake-compat/1.0.1/018afb31-abd1-7bff-a5e4-cff7e18efb7a/source.tar.gz"
      },
      "original": {
        "type": "tarball",
        "url": "https://flakehub.com/f/edolstra/flake-compat/1.tar.gz"
      }
    },
    "flake-parts": {
      "inputs": {
        "nixpkgs-lib": "nixpkgs-lib"
      },
      "locked": {
        "lastModified": 1727826117,
        "narHash": "sha256-K5ZLCyfO/Zj9mPFldf3iwS6oZStJcU4tSpiXTMYaaL0=",
        "owner": "hercules-ci",
        "repo": "flake-parts",
        "rev": "3d04084d54bedc3d6b8b736c70ef449225c361b1",
        "type": "github"
      },
      "original": {
        "owner": "hercules-ci",
        "repo": "flake-parts",
        "type": "github"
      }
    },
    "flake-parts_2": {
      "inputs": {
        "nixpkgs-lib": [
          "neovim",
          "nixvim",
          "nixpkgs"
        ]
      },
      "locked": {
        "lastModified": 1727826117,
        "narHash": "sha256-K5ZLCyfO/Zj9mPFldf3iwS6oZStJcU4tSpiXTMYaaL0=",
        "owner": "hercules-ci",
        "repo": "flake-parts",
        "rev": "3d04084d54bedc3d6b8b736c70ef449225c361b1",
        "type": "github"
      },
      "original": {
        "owner": "hercules-ci",
        "repo": "flake-parts",
        "type": "github"
      }
    },
    "flake-utils": {
      "inputs": {
        "systems": "systems"
      },
      "locked": {
        "lastModified": 1731533236,
        "narHash": "sha256-l0KFg5HjrsfsO/JpG+r7fRrqm12kzFHyUHqHCVpMMbI=",
        "owner": "numtide",
        "repo": "flake-utils",
        "rev": "11707dc2f618dd54ca8739b309ec4fc024de578b",
        "type": "github"
      },
      "original": {
        "owner": "numtide",
        "repo": "flake-utils",
        "type": "github"
      }
    },
    "flake-utils_2": {
      "inputs": {
        "systems": "systems_2"
      },
      "locked": {
        "lastModified": 1726560853,
        "narHash": "sha256-X6rJYSESBVr3hBoH0WbKE5KvhPU5bloyZ2L4K60/fPQ=",
        "owner": "numtide",
        "repo": "flake-utils",
        "rev": "c1dfcf08411b08f6b8615f7d8971a2bfa81d5e8a",
        "type": "github"
      },
      "original": {
        "owner": "numtide",
        "repo": "flake-utils",
        "type": "github"
      }
    },
    "git-hooks": {
      "inputs": {
        "flake-compat": [
          "neovim",
          "nixvim",
          "flake-compat"
        ],
        "gitignore": "gitignore",
        "nixpkgs": [
          "neovim",
          "nixvim",
          "nixpkgs"
        ],
        "nixpkgs-stable": [
          "neovim",
          "nixvim",
          "nixpkgs"
        ]
      },
      "locked": {
        "lastModified": 1728092656,
        "narHash": "sha256-eMeCTJZ5xBeQ0f9Os7K8DThNVSo9gy4umZLDfF5q6OM=",
        "owner": "cachix",
        "repo": "git-hooks.nix",
        "rev": "1211305a5b237771e13fcca0c51e60ad47326a9a",
        "type": "github"
      },
      "original": {
        "owner": "cachix",
        "repo": "git-hooks.nix",
        "type": "github"
      }
    },
    "gitignore": {
      "inputs": {
        "nixpkgs": [
          "neovim",
          "nixvim",
          "git-hooks",
          "nixpkgs"
        ]
      },
      "locked": {
        "lastModified": 1709087332,
        "narHash": "sha256-HG2cCnktfHsKV0s4XW83gU3F57gaTljL9KNSuG6bnQs=",
        "owner": "hercules-ci",
        "repo": "gitignore.nix",
        "rev": "637db329424fd7e46cf4185293b9cc8c88c95394",
        "type": "github"
      },
      "original": {
        "owner": "hercules-ci",
        "repo": "gitignore.nix",
        "type": "github"
      }
    },
    "helium": {
      "inputs": {
        "flake-compat": "flake-compat",
        "flake-utils": "flake-utils",
        "nixpkgs": [
          "nixpkgs"
        ]
      },
      "locked": {
        "lastModified": 1781220299,
        "narHash": "sha256-gMnxDA1a951GfnoPXRyd7i/X6GQyiM+8qs50wRp7akc=",
        "owner": "AlvaroParker",
        "repo": "helium-nix",
        "rev": "84c8a2bbd0599d8c9b82fd1d9eb6b850560ab0c0",
        "type": "github"
      },
      "original": {
        "owner": "AlvaroParker",
        "repo": "helium-nix",
        "type": "github"
      }
    },
    "home-manager": {
      "inputs": {
        "nixpkgs": [
          "nixpkgs"
        ]
      },
      "locked": {
        "lastModified": 1781642113,
        "narHash": "sha256-mAR7KTS9rjreTcXCNqfCbN96mnhJO8lDQq1vl7GviBQ=",
        "owner": "nix-community",
        "repo": "home-manager",
        "rev": "df4e0465717a2d34f05b8ccd967275aaf3ceaa01",
        "type": "github"
      },
      "original": {
        "owner": "nix-community",
        "repo": "home-manager",
        "type": "github"
      }
    },
    "jglathe-kernel-src": {
      "flake": false,
      "locked": {
        "lastModified": 1775239677,
        "narHash": "sha256-f4pp8wctaJjDUqGXlIDJf0EYCO3m05owIXJi8LZBdQM=",
        "owner": "jglathe",
        "repo": "linux_ms_dev_kit",
        "rev": "85c09c54e162b9d4eb4b53f80754d92c6b6746a2",
        "type": "github"
      },
      "original": {
        "owner": "jglathe",
        "ref": "jg/ubuntu-qcom-x1e-6.19.6-jg-6",
        "repo": "linux_ms_dev_kit",
        "type": "github"
      }
    },
    "neovim": {
      "inputs": {
        "flake-parts": "flake-parts",
        "nixpkgs": [
          "nixpkgs"
        ],
        "nixvim": "nixvim"
      },
      "locked": {
        "lastModified": 1728430975,
        "narHash": "sha256-8Ex34RACcljNYq+c3rQm8IuFjWY0QMW8DxknFGBV6eU=",
        "owner": "sambow23",
        "repo": "nixvim-config",
        "rev": "26a7374d8ee1338637e28f2b42557daed4cf1be8",
        "type": "github"
      },
      "original": {
        "owner": "sambow23",
        "ref": "rewrite",
        "repo": "nixvim-config",
        "type": "github"
      }
    },
    "nix-darwin": {
      "inputs": {
        "nixpkgs": [
          "neovim",
          "nixvim",
          "nixpkgs"
        ]
      },
      "locked": {
        "lastModified": 1727999297,
        "narHash": "sha256-LTJuQPCsSItZ/8TieFeP30iY+uaLoD0mT0tAj1gLeyQ=",
        "owner": "lnl7",
        "repo": "nix-darwin",
        "rev": "8c8388ade72e58efdeae71b4cbb79e872c23a56b",
        "type": "github"
      },
      "original": {
        "owner": "lnl7",
        "repo": "nix-darwin",
        "type": "github"
      }
    },
    "nix-flatpak": {
      "locked": {
        "lastModified": 1780908363,
        "narHash": "sha256-llGS4y3Qh1eUkli3/Y2VY9FV3GOUKFZR1E2BDftt45Q=",
        "owner": "gmodena",
        "repo": "nix-flatpak",
        "rev": "1df08625f0f8c7d6e300a0e5df7955bbb877d809",
        "type": "github"
      },
      "original": {
        "owner": "gmodena",
        "repo": "nix-flatpak",
        "type": "github"
      }
    },
    "nix-vscode-extensions": {
      "inputs": {
        "nixpkgs": [
          "nixpkgs"
        ]
      },
      "locked": {
        "lastModified": 1781585746,
        "narHash": "sha256-Y+87Uj9VAEcO35ly+l5fLx2S8FJDoM7OHJvwH+2DlK8=",
        "owner": "nix-community",
        "repo": "nix-vscode-extensions",
        "rev": "8060ac81d12dba4d5445a87e3159f0724708b7c4",
        "type": "github"
      },
      "original": {
        "owner": "nix-community",
        "repo": "nix-vscode-extensions",
        "type": "github"
      }
    },
    "nixpkgs": {
      "locked": {
        "lastModified": 1781577229,
        "narHash": "sha256-lrp67w8AulE9Ks53n27I45ADSzbOCn4H+CNW1Ck8B+8=",
        "owner": "NixOS",
        "repo": "nixpkgs",
        "rev": "567a49d1913ce81ac6e9582e3553dd90a955875f",
        "type": "github"
      },
      "original": {
        "owner": "NixOS",
        "ref": "nixos-unstable",
        "repo": "nixpkgs",
        "type": "github"
      }
    },
    "nixpkgs-kernel": {
      "locked": {
        "lastModified": 1781577229,
        "narHash": "sha256-lrp67w8AulE9Ks53n27I45ADSzbOCn4H+CNW1Ck8B+8=",
        "owner": "NixOS",
        "repo": "nixpkgs",
        "rev": "567a49d1913ce81ac6e9582e3553dd90a955875f",
        "type": "github"
      },
      "original": {
        "owner": "NixOS",
        "ref": "nixos-unstable",
        "repo": "nixpkgs",
        "type": "github"
      }
    },
    "nixpkgs-lib": {
      "locked": {
        "lastModified": 1727825735,
        "narHash": "sha256-0xHYkMkeLVQAMa7gvkddbPqpxph+hDzdu1XdGPJR+Os=",
        "type": "tarball",
        "url": "https://github.com/NixOS/nixpkgs/archive/fb192fec7cc7a4c26d51779e9bab07ce6fa5597a.tar.gz"
      },
      "original": {
        "type": "tarball",
        "url": "https://github.com/NixOS/nixpkgs/archive/fb192fec7cc7a4c26d51779e9bab07ce6fa5597a.tar.gz"
      }
    },
    "nixvim": {
      "inputs": {
        "devshell": "devshell",
        "flake-compat": "flake-compat_2",
        "flake-parts": "flake-parts_2",
        "git-hooks": "git-hooks",
        "home-manager": [
          "home-manager"
        ],
        "nix-darwin": "nix-darwin",
        "nixpkgs": [
          "nixpkgs"
        ],
        "nuschtosSearch": "nuschtosSearch",
        "treefmt-nix": "treefmt-nix"
      },
      "locked": {
        "lastModified": 1728292968,
        "narHash": "sha256-Jp/SQH5q2uTRBW625gFdfXLvYLjQiDNxtvQo0vVbyeA=",
        "owner": "nix-community",
        "repo": "nixvim",
        "rev": "d71cfaaae8353b4102169a9858422ce3738cd43b",
        "type": "github"
      },
      "original": {
        "owner": "nix-community",
        "repo": "nixvim",
        "type": "github"
      }
    },
    "nuschtosSearch": {
      "inputs": {
        "flake-utils": "flake-utils_2",
        "nixpkgs": [
          "neovim",
          "nixvim",
          "nixpkgs"
        ]
      },
      "locked": {
        "lastModified": 1728017046,
        "narHash": "sha256-ofWYux/uUAv8wq7sWw8XWke0sh8p4qYxSOn8d+EaJ8c=",
        "owner": "NuschtOS",
        "repo": "search",
        "rev": "ba81d9c1eae20fc3a1cd066062a05ac2e799e629",
        "type": "github"
      },
      "original": {
        "owner": "NuschtOS",
        "repo": "search",
        "type": "github"
      }
    },
    "nvidia-patch": {
      "inputs": {
        "nixpkgs": [
          "nixpkgs"
        ],
        "utils": "utils"
      },
      "locked": {
        "lastModified": 1781504820,
        "narHash": "sha256-XLzxiGQFb5r9gKFFeDBr6JnNKTzmtxBB+qu+5A+fbdc=",
        "owner": "icewind1991",
        "repo": "nvidia-patch-nixos",
        "rev": "1f6486498b897c5ae0ef1cbe2d3a1e5e8c95cfe4",
        "type": "github"
      },
      "original": {
        "owner": "icewind1991",
        "repo": "nvidia-patch-nixos",
        "type": "github"
      }
    },
    "plasma-manager": {
      "inputs": {
        "home-manager": [
          "home-manager"
        ],
        "nixpkgs": [
          "nixpkgs"
        ]
      },
      "locked": {
        "lastModified": 1775856943,
        "narHash": "sha256-b7Mp7P+q2Md5AGt4rjHfMcBykzMumFTen10ST++AuTU=",
        "owner": "nix-community",
        "repo": "plasma-manager",
        "rev": "a524a6160e6df89f7673ba293cf7d78b559eb1a5",
        "type": "github"
      },
      "original": {
        "owner": "nix-community",
        "repo": "plasma-manager",
        "type": "github"
      }
    },
    "plymouth-vista": {
      "flake": false,
      "locked": {
        "lastModified": 1771744425,
        "narHash": "sha256-5HV3OS0PKcgh2HjKVkazkWdrubjm/rMSSQWaE/twPe0=",
        "owner": "rustussy",
        "repo": "plymouth-vista",
        "rev": "7c6d86524f53821f2b531ed4bc0444e0a3184d80",
        "type": "github"
      },
      "original": {
        "owner": "rustussy",
        "repo": "plymouth-vista",
        "type": "github"
      }
    },
    "root": {
      "inputs": {
        "aero-kwin": "aero-kwin",
        "aero-libplasma": "aero-libplasma",
        "aero-smod": "aero-smod",
        "aero-workspace": "aero-workspace",
        "aerothemeplasma": "aerothemeplasma",
        "helium": "helium",
        "home-manager": "home-manager",
        "jglathe-kernel-src": "jglathe-kernel-src",
        "neovim": "neovim",
        "nix-flatpak": "nix-flatpak",
        "nix-vscode-extensions": "nix-vscode-extensions",
        "nixpkgs": "nixpkgs",
        "nixpkgs-kernel": "nixpkgs-kernel",
        "nvidia-patch": "nvidia-patch",
        "plasma-manager": "plasma-manager",
        "plymouth-vista": "plymouth-vista",
        "snowflakes": "snowflakes",
        "sops-nix": "sops-nix",
        "uac-polkit-agent": "uac-polkit-agent",
        "x1e-nixos-config": "x1e-nixos-config"
      }
    },
    "snowflakes": {
      "flake": false,
      "locked": {
        "lastModified": 1781044103,
        "narHash": "sha256-i9oVdyi1ARZ2WrqA6Fst/S3SBH1Zn4kEm4T3AnQvCQw=",
        "owner": "DuCanhGH",
        "repo": "snowflakes",
        "rev": "8fb83984dfab93901777205b2ebc20b8eaa5cc4b",
        "type": "github"
      },
      "original": {
        "owner": "DuCanhGH",
        "repo": "snowflakes",
        "type": "github"
      }
    },
    "sops-nix": {
      "inputs": {
        "nixpkgs": [
          "nixpkgs"
        ]
      },
      "locked": {
        "lastModified": 1780547341,
        "narHash": "sha256-Gq8KNx5A7hBB3uGJaj6eQfLDIz5YdLu92gqBcvHvoUo=",
        "owner": "Mic92",
        "repo": "sops-nix",
        "rev": "9ed65852b6257fbeae4355bc24ecfea307ca759a",
        "type": "github"
      },
      "original": {
        "owner": "Mic92",
        "repo": "sops-nix",
        "type": "github"
      }
    },
    "systems": {
      "locked": {
        "lastModified": 1681028828,
        "narHash": "sha256-Vy1rq5AaRuLzOxct8nz4T6wlgyUR7zLU309k9mBC768=",
        "owner": "nix-systems",
        "repo": "default",
        "rev": "da67096a3b9bf56a91d16901293e51ba5b49a27e",
        "type": "github"
      },
      "original": {
        "owner": "nix-systems",
        "repo": "default",
        "type": "github"
      }
    },
    "systems_2": {
      "locked": {
        "lastModified": 1681028828,
        "narHash": "sha256-Vy1rq5AaRuLzOxct8nz4T6wlgyUR7zLU309k9mBC768=",
        "owner": "nix-systems",
        "repo": "default",
        "rev": "da67096a3b9bf56a91d16901293e51ba5b49a27e",
        "type": "github"
      },
      "original": {
        "owner": "nix-systems",
        "repo": "default",
        "type": "github"
      }
    },
    "systems_3": {
      "locked": {
        "lastModified": 1681028828,
        "narHash": "sha256-Vy1rq5AaRuLzOxct8nz4T6wlgyUR7zLU309k9mBC768=",
        "owner": "nix-systems",
        "repo": "default",
        "rev": "da67096a3b9bf56a91d16901293e51ba5b49a27e",
        "type": "github"
      },
      "original": {
        "owner": "nix-systems",
        "repo": "default",
        "type": "github"
      }
    },
    "treefmt-nix": {
      "inputs": {
        "nixpkgs": [
          "neovim",
          "nixvim",
          "nixpkgs"
        ]
      },
      "locked": {
        "lastModified": 1727984844,
        "narHash": "sha256-xpRqITAoD8rHlXQafYZOLvUXCF6cnZkPfoq67ThN0Hc=",
        "owner": "numtide",
        "repo": "treefmt-nix",
        "rev": "4446c7a6fc0775df028c5a3f6727945ba8400e64",
        "type": "github"
      },
      "original": {
        "owner": "numtide",
        "repo": "treefmt-nix",
        "type": "github"
      }
    },
    "uac-polkit-agent": {
      "flake": false,
      "locked": {
        "lastModified": 1779319088,
        "narHash": "sha256-hpG3F4CrsaYRCj/idzpv2PGbFMRuB41TQCUc1jvcxuk=",
        "owner": "rustussy",
        "repo": "uac-polkit-agent",
        "rev": "cb3c75fc680124391cf938bb275be099db0e1f82",
        "type": "github"
      },
      "original": {
        "owner": "rustussy",
        "repo": "uac-polkit-agent",
        "type": "github"
      }
    },
    "utils": {
      "inputs": {
        "systems": "systems_3"
      },
      "locked": {
        "lastModified": 1710146030,
        "narHash": "sha256-SZ5L6eA7HJ/nmkzGG7/ISclqe6oZdOZTNoesiInkXPQ=",
        "owner": "numtide",
        "repo": "flake-utils",
        "rev": "b1d9ab70662946ef0850d488da1c9019f3a9752a",
        "type": "github"
      },
      "original": {
        "owner": "numtide",
        "repo": "flake-utils",
        "type": "github"
      }
    },
    "x1e-nixos-config": {
      "inputs": {
        "nixpkgs": [
          "nixpkgs"
        ]
      },
      "locked": {
        "lastModified": 1770396902,
        "narHash": "sha256-t4PF8JCTxkcMeYx6kakz/G2J8Yo4PTI1IKv/oXqLsqw=",
        "owner": "sambow23",
        "repo": "x1e-nixos-config",
        "rev": "483920bc10749f6695e23f627b78742eaa8fc160",
        "type": "github"
      },
      "original": {
        "owner": "sambow23",
        "repo": "x1e-nixos-config",
        "type": "github"
      }
    }
  },
  "root": "root",
  "version": 7
}
